
Microsoft Visual Studio Solution File, Format Version 12.00
# Visual Studio Version 16
VisualStudioVersion = 16.0.31515.178
MinimumVisualStudioVersion = 10.0.40219.1
Project("{FAE04EC0-301F-11D3-BF4B-00C04F79EFBC}") = "FizzBuzz", "FizzBuzz\FizzBuzz.csproj", "{9F29D658-7038-436E-8697-4C4082CFA8C1}"
EndProject
Global
	GlobalSection(SolutionConfigurationPlatforms) = preSolution
		Debug|Any CPU = Debug|Any CPU
		Release|Any CPU = Release|Any CPU
	EndGlobalSection
	GlobalSection(ProjectConfigurationPlatforms) = postSolution
		{9F29D658-7038-436E-8697-4C4082CFA8C1}.Debug|Any CPU.ActiveCfg = Debug|Any CPU
		{9F29D658-7038-436E-8697-4C4082CFA8C1}.Debug|Any CPU.Build.0 = Debug|Any CPU
		{9F29D658-7038-436E-8697-4C4082CFA8C1}.Release|Any CPU.ActiveCfg = Release|Any CPU
		{9F29D658-7038-436E-8697-4C4082CFA8C1}.Release|Any CPU.Build.0 = Release|Any CPU
	EndGlobalSection
	GlobalSection(SolutionProperties) = preSolution
		HideSolutionNode = FALSE
	EndGlobalSection
	GlobalSection(ExtensibilityGlobals) = postSolution
		SolutionGuid = {DE303F0E-691D-4D64-8031-F28D1566947B}
	EndGlobalSection
EndGlobal
