
Microsoft Visual Studio Solution File, Format Version 12.00
# Visual Studio Version 17
VisualStudioVersion = 17.4.33205.214
MinimumVisualStudioVersion = 10.0.40219.1
Project("{FAE04EC0-301F-11D3-BF4B-00C04F79EFBC}") = "PrintListAsMatrix", "Tasks\PrintListAsMatrix\PrintListAsMatrix.csproj", "{BA9A6773-BDCA-4AC4-BD26-0892D8BCA98F}"
EndProject
Project("{2150E333-8FDC-42A3-9474-1A3956D46DE8}") = "Tasks", "Tasks", "{3346A7E5-5514-46F2-991C-CFB7AE0E7365}"
EndProject
Project("{FAE04EC0-301F-11D3-BF4B-00C04F79EFBC}") = "Strategy", "DesignPatters\Behavioral\Strategy\Strategy.csproj", "{31BB8E5B-323E-4DAB-8029-DDF757E074E9}"
EndProject
Project("{2150E333-8FDC-42A3-9474-1A3956D46DE8}") = "DesignPatters", "DesignPatters", "{79BDAD1F-C2A7-474B-B618-36A310B4D532}"
EndProject
Project("{2150E333-8FDC-42A3-9474-1A3956D46DE8}") = "Behavioral", "Behavioral", "{76750EF6-147B-4A53-AEEB-DDBFFB917F1E}"
EndProject
Project("{FAE04EC0-301F-11D3-BF4B-00C04F79EFBC}") = "AbstractFactory", "DesignPatters\Creational\AbstractFactory\AbstractFactory.csproj", "{2F165857-0A59-47A1-A87B-DF7D1A619C67}"
EndProject
Project("{2150E333-8FDC-42A3-9474-1A3956D46DE8}") = "Creational", "Creational", "{D823D5EE-E384-4596-9924-BE25959A567A}"
EndProject
Project("{FAE04EC0-301F-11D3-BF4B-00C04F79EFBC}") = "Facade", "DesignPatters\Structural\Facade\Facade.csproj", "{B3A3776A-F297-469B-986C-A1F5FD38B29B}"
EndProject
Project("{2150E333-8FDC-42A3-9474-1A3956D46DE8}") = "Structural", "Structural", "{2386CB89-F034-448C-8B44-1E586399798A}"
EndProject
Project("{FAE04EC0-301F-11D3-BF4B-00C04F79EFBC}") = "Singleton", "DesignPatters\Creational\Singleton\Singleton.csproj", "{C3687994-5C45-41FC-A508-4751A57E4939}"
EndProject
Project("{FAE04EC0-301F-11D3-BF4B-00C04F79EFBC}") = "ExtensionMethod", "Others\ExtensionMethod\ExtensionMethod.csproj", "{E176CB0E-7272-4847-A402-92B3D26B8B16}"
EndProject
Project("{2150E333-8FDC-42A3-9474-1A3956D46DE8}") = "Others", "Others", "{BC359ADB-57A3-4E14-939D-D10A05312C43}"
EndProject
Global
	GlobalSection(SolutionConfigurationPlatforms) = preSolution
		Debug|Any CPU = Debug|Any CPU
		Release|Any CPU = Release|Any CPU
	EndGlobalSection
	GlobalSection(ProjectConfigurationPlatforms) = postSolution
		{BA9A6773-BDCA-4AC4-BD26-0892D8BCA98F}.Debug|Any CPU.ActiveCfg = Debug|Any CPU
		{BA9A6773-BDCA-4AC4-BD26-0892D8BCA98F}.Debug|Any CPU.Build.0 = Debug|Any CPU
		{BA9A6773-BDCA-4AC4-BD26-0892D8BCA98F}.Release|Any CPU.ActiveCfg = Release|Any CPU
		{BA9A6773-BDCA-4AC4-BD26-0892D8BCA98F}.Release|Any CPU.Build.0 = Release|Any CPU
		{31BB8E5B-323E-4DAB-8029-DDF757E074E9}.Debug|Any CPU.ActiveCfg = Debug|Any CPU
		{31BB8E5B-323E-4DAB-8029-DDF757E074E9}.Debug|Any CPU.Build.0 = Debug|Any CPU
		{31BB8E5B-323E-4DAB-8029-DDF757E074E9}.Release|Any CPU.ActiveCfg = Release|Any CPU
		{31BB8E5B-323E-4DAB-8029-DDF757E074E9}.Release|Any CPU.Build.0 = Release|Any CPU
		{2F165857-0A59-47A1-A87B-DF7D1A619C67}.Debug|Any CPU.ActiveCfg = Debug|Any CPU
		{2F165857-0A59-47A1-A87B-DF7D1A619C67}.Debug|Any CPU.Build.0 = Debug|Any CPU
		{2F165857-0A59-47A1-A87B-DF7D1A619C67}.Release|Any CPU.ActiveCfg = Release|Any CPU
		{2F165857-0A59-47A1-A87B-DF7D1A619C67}.Release|Any CPU.Build.0 = Release|Any CPU
		{B3A3776A-F297-469B-986C-A1F5FD38B29B}.Debug|Any CPU.ActiveCfg = Debug|Any CPU
		{B3A3776A-F297-469B-986C-A1F5FD38B29B}.Debug|Any CPU.Build.0 = Debug|Any CPU
		{B3A3776A-F297-469B-986C-A1F5FD38B29B}.Release|Any CPU.ActiveCfg = Release|Any CPU
		{B3A3776A-F297-469B-986C-A1F5FD38B29B}.Release|Any CPU.Build.0 = Release|Any CPU
		{C3687994-5C45-41FC-A508-4751A57E4939}.Debug|Any CPU.ActiveCfg = Debug|Any CPU
		{C3687994-5C45-41FC-A508-4751A57E4939}.Debug|Any CPU.Build.0 = Debug|Any CPU
		{C3687994-5C45-41FC-A508-4751A57E4939}.Release|Any CPU.ActiveCfg = Release|Any CPU
		{C3687994-5C45-41FC-A508-4751A57E4939}.Release|Any CPU.Build.0 = Release|Any CPU
		{E176CB0E-7272-4847-A402-92B3D26B8B16}.Debug|Any CPU.ActiveCfg = Debug|Any CPU
		{E176CB0E-7272-4847-A402-92B3D26B8B16}.Debug|Any CPU.Build.0 = Debug|Any CPU
		{E176CB0E-7272-4847-A402-92B3D26B8B16}.Release|Any CPU.ActiveCfg = Release|Any CPU
		{E176CB0E-7272-4847-A402-92B3D26B8B16}.Release|Any CPU.Build.0 = Release|Any CPU
	EndGlobalSection
	GlobalSection(SolutionProperties) = preSolution
		HideSolutionNode = FALSE
	EndGlobalSection
	GlobalSection(NestedProjects) = preSolution
		{BA9A6773-BDCA-4AC4-BD26-0892D8BCA98F} = {3346A7E5-5514-46F2-991C-CFB7AE0E7365}
		{31BB8E5B-323E-4DAB-8029-DDF757E074E9} = {76750EF6-147B-4A53-AEEB-DDBFFB917F1E}
		{76750EF6-147B-4A53-AEEB-DDBFFB917F1E} = {79BDAD1F-C2A7-474B-B618-36A310B4D532}
		{2F165857-0A59-47A1-A87B-DF7D1A619C67} = {D823D5EE-E384-4596-9924-BE25959A567A}
		{D823D5EE-E384-4596-9924-BE25959A567A} = {79BDAD1F-C2A7-474B-B618-36A310B4D532}
		{B3A3776A-F297-469B-986C-A1F5FD38B29B} = {2386CB89-F034-448C-8B44-1E586399798A}
		{2386CB89-F034-448C-8B44-1E586399798A} = {79BDAD1F-C2A7-474B-B618-36A310B4D532}
		{C3687994-5C45-41FC-A508-4751A57E4939} = {D823D5EE-E384-4596-9924-BE25959A567A}
		{E176CB0E-7272-4847-A402-92B3D26B8B16} = {BC359ADB-57A3-4E14-939D-D10A05312C43}
	EndGlobalSection
	GlobalSection(ExtensibilityGlobals) = postSolution
		SolutionGuid = {0ED8C927-D24F-4E59-9F16-62149BAC6042}
	EndGlobalSection
EndGlobal
